
Microsoft Visual Studio Solution File, Format Version 12.00
# Visual Studio Version 17
VisualStudioVersion = 17.6.33815.320
MinimumVisualStudioVersion = 10.0.40219.1
Project("{FAE04EC0-301F-11D3-BF4B-00C04F79EFBC}") = "МустафинаКадырова", "МустафинаКадырова\МустафинаКадырова.csproj", "{6EF70F9F-C520-4C52-BC3A-B539E41A0662}"
EndProject
Global
	GlobalSection(SolutionConfigurationPlatforms) = preSolution
		Debug|Any CPU = Debug|Any CPU
		Release|Any CPU = Release|Any CPU
	EndGlobalSection
	GlobalSection(ProjectConfigurationPlatforms) = postSolution
		{6EF70F9F-C520-4C52-BC3A-B539E41A0662}.Debug|Any CPU.ActiveCfg = Debug|Any CPU
		{6EF70F9F-C520-4C52-BC3A-B539E41A0662}.Debug|Any CPU.Build.0 = Debug|Any CPU
		{6EF70F9F-C520-4C52-BC3A-B539E41A0662}.Release|Any CPU.ActiveCfg = Release|Any CPU
		{6EF70F9F-C520-4C52-BC3A-B539E41A0662}.Release|Any CPU.Build.0 = Release|Any CPU
	EndGlobalSection
	GlobalSection(SolutionProperties) = preSolution
		HideSolutionNode = FALSE
	EndGlobalSection
	GlobalSection(ExtensibilityGlobals) = postSolution
		SolutionGuid = {DAB5991B-57D8-4C8E-B394-86C94639D250}
	EndGlobalSection
EndGlobal
